
Microsoft Visual Studio Solution File, Format Version 12.00
# Visual Studio Version 16
VisualStudioVersion = 16.0.31410.357
MinimumVisualStudioVersion = 10.0.40219.1
Project("{9A19103F-16F7-4668-BE54-9A1E7A4F7556}") = "HelpopAPI.Core", "src\HelpopAPI.Core\HelpopAPI.Core.csproj", "{11656494-5967-4DF6-BA1F-550A63E69C50}"
EndProject
Project("{2150E333-8FDC-42A3-9474-1A3956D46DE8}") = "Solution Items", "Solution Items", "{21E6DFB8-E7B2-40EF-812B-DC68449C4A73}"
	ProjectSection(SolutionItems) = preProject
		.editorconfig = .editorconfig
	EndProjectSection
EndProject
Project("{FAE04EC0-301F-11D3-BF4B-00C04F79EFBC}") = "HelpopAPI.Redis", "src\HelpopAPI.Redis\HelpopAPI.Redis.csproj", "{4E64F3F7-869A-4DA8-B309-5E88BA50CCB3}"
EndProject
Global
	GlobalSection(SolutionConfigurationPlatforms) = preSolution
		Debug|Any CPU = Debug|Any CPU
		Release|Any CPU = Release|Any CPU
	EndGlobalSection
	GlobalSection(ProjectConfigurationPlatforms) = postSolution
		{11656494-5967-4DF6-BA1F-550A63E69C50}.Debug|Any CPU.ActiveCfg = Debug|Any CPU
		{11656494-5967-4DF6-BA1F-550A63E69C50}.Debug|Any CPU.Build.0 = Debug|Any CPU
		{11656494-5967-4DF6-BA1F-550A63E69C50}.Release|Any CPU.ActiveCfg = Release|Any CPU
		{11656494-5967-4DF6-BA1F-550A63E69C50}.Release|Any CPU.Build.0 = Release|Any CPU
		{4E64F3F7-869A-4DA8-B309-5E88BA50CCB3}.Debug|Any CPU.ActiveCfg = Debug|Any CPU
		{4E64F3F7-869A-4DA8-B309-5E88BA50CCB3}.Debug|Any CPU.Build.0 = Debug|Any CPU
		{4E64F3F7-869A-4DA8-B309-5E88BA50CCB3}.Release|Any CPU.ActiveCfg = Release|Any CPU
		{4E64F3F7-869A-4DA8-B309-5E88BA50CCB3}.Release|Any CPU.Build.0 = Release|Any CPU
	EndGlobalSection
	GlobalSection(SolutionProperties) = preSolution
		HideSolutionNode = FALSE
	EndGlobalSection
	GlobalSection(ExtensibilityGlobals) = postSolution
		SolutionGuid = {86114125-FFD4-4D97-BF6E-47B309F13C27}
	EndGlobalSection
EndGlobal
